
Microsoft Visual Studio Solution File, Format Version 12.00
# Visual Studio Version 16
VisualStudioVersion = 16.0.30204.135
MinimumVisualStudioVersion = 10.0.40219.1
Project("{FAE04EC0-301F-11D3-BF4B-00C04F79EFBC}") = "WindowsFormsApp22", "WindowsFormsApp22\WindowsFormsApp22.csproj", "{272BFB90-8D11-461A-AF75-7110C21E0749}"
EndProject
Global
	GlobalSection(SolutionConfigurationPlatforms) = preSolution
		Debug|Any CPU = Debug|Any CPU
		Release|Any CPU = Release|Any CPU
	EndGlobalSection
	GlobalSection(ProjectConfigurationPlatforms) = postSolution
		{272BFB90-8D11-461A-AF75-7110C21E0749}.Debug|Any CPU.ActiveCfg = Debug|Any CPU
		{272BFB90-8D11-461A-AF75-7110C21E0749}.Debug|Any CPU.Build.0 = Debug|Any CPU
		{272BFB90-8D11-461A-AF75-7110C21E0749}.Release|Any CPU.ActiveCfg = Release|Any CPU
		{272BFB90-8D11-461A-AF75-7110C21E0749}.Release|Any CPU.Build.0 = Release|Any CPU
	EndGlobalSection
	GlobalSection(SolutionProperties) = preSolution
		HideSolutionNode = FALSE
	EndGlobalSection
	GlobalSection(ExtensibilityGlobals) = postSolution
		SolutionGuid = {E3622EC4-6538-4EE4-92E5-6CD26F380471}
	EndGlobalSection
EndGlobal
